
Microsoft Visual Studio Solution File, Format Version 12.00
# Visual Studio Version 17
VisualStudioVersion = 17.7.34221.43
MinimumVisualStudioVersion = 10.0.40219.1
Project("{FAE04EC0-301F-11D3-BF4B-00C04F79EFBC}") = "Phase_2_DB", "Phase_2_DB.csproj", "{0293F46C-F03D-4B63-A4BD-792AF69CB41D}"
EndProject
Global
	GlobalSection(SolutionConfigurationPlatforms) = preSolution
		Debug|Any CPU = Debug|Any CPU
		Release|Any CPU = Release|Any CPU
	EndGlobalSection
	GlobalSection(ProjectConfigurationPlatforms) = postSolution
		{0293F46C-F03D-4B63-A4BD-792AF69CB41D}.Debug|Any CPU.ActiveCfg = Debug|Any CPU
		{0293F46C-F03D-4B63-A4BD-792AF69CB41D}.Debug|Any CPU.Build.0 = Debug|Any CPU
		{0293F46C-F03D-4B63-A4BD-792AF69CB41D}.Release|Any CPU.ActiveCfg = Release|Any CPU
		{0293F46C-F03D-4B63-A4BD-792AF69CB41D}.Release|Any CPU.Build.0 = Release|Any CPU
	EndGlobalSection
	GlobalSection(SolutionProperties) = preSolution
		HideSolutionNode = FALSE
	EndGlobalSection
	GlobalSection(ExtensibilityGlobals) = postSolution
		SolutionGuid = {79CDF1D4-A3BD-4885-8B22-7F170B22CA53}
	EndGlobalSection
EndGlobal
